
Microsoft Visual Studio Solution File, Format Version 11.00
# Visual Studio 2010
Project("{FAE04EC0-301F-11D3-BF4B-00C04F79EFBC}") = "Assembly-CSharp", "Assembly-CSharp.csproj", "{64D879C4-BB1A-4480-A737-FA8C5FB4BCA9}"
EndProject
Project("{FAE04EC0-301F-11D3-BF4B-00C04F79EFBC}") = "Assembly-CSharp-firstpass", "Assembly-CSharp-firstpass.csproj", "{277D9E81-EEFF-D6F7-9603-5474E9626B38}"
EndProject
Project("{FAE04EC0-301F-11D3-BF4B-00C04F79EFBC}") = "Assembly-CSharp-Editor-firstpass", "Assembly-CSharp-Editor-firstpass.csproj", "{6A4B8AEA-15AC-2085-636D-9DDA7697E43A}"
EndProject
Global
	GlobalSection(SolutionConfigurationPlatforms) = preSolution
		Debug|Any CPU = Debug|Any CPU
		Release|Any CPU = Release|Any CPU
	EndGlobalSection
	GlobalSection(ProjectConfigurationPlatforms) = postSolution
		{64D879C4-BB1A-4480-A737-FA8C5FB4BCA9}.Debug|Any CPU.ActiveCfg = Debug|Any CPU
		{64D879C4-BB1A-4480-A737-FA8C5FB4BCA9}.Debug|Any CPU.Build.0 = Debug|Any CPU
		{64D879C4-BB1A-4480-A737-FA8C5FB4BCA9}.Release|Any CPU.ActiveCfg = Release|Any CPU
		{64D879C4-BB1A-4480-A737-FA8C5FB4BCA9}.Release|Any CPU.Build.0 = Release|Any CPU
		{277D9E81-EEFF-D6F7-9603-5474E9626B38}.Debug|Any CPU.ActiveCfg = Debug|Any CPU
		{277D9E81-EEFF-D6F7-9603-5474E9626B38}.Debug|Any CPU.Build.0 = Debug|Any CPU
		{277D9E81-EEFF-D6F7-9603-5474E9626B38}.Release|Any CPU.ActiveCfg = Release|Any CPU
		{277D9E81-EEFF-D6F7-9603-5474E9626B38}.Release|Any CPU.Build.0 = Release|Any CPU
		{6A4B8AEA-15AC-2085-636D-9DDA7697E43A}.Debug|Any CPU.ActiveCfg = Debug|Any CPU
		{6A4B8AEA-15AC-2085-636D-9DDA7697E43A}.Debug|Any CPU.Build.0 = Debug|Any CPU
		{6A4B8AEA-15AC-2085-636D-9DDA7697E43A}.Release|Any CPU.ActiveCfg = Release|Any CPU
		{6A4B8AEA-15AC-2085-636D-9DDA7697E43A}.Release|Any CPU.Build.0 = Release|Any CPU
	EndGlobalSection
	GlobalSection(SolutionProperties) = preSolution
		HideSolutionNode = FALSE
	EndGlobalSection
EndGlobal
